// !$*UTF8*$!
{
	archiveVersion = 1;
	classes = {
	};
	objectVersion = 77;
	objects = {

/* Begin PBXContainerItemProxy section */
		48A1FF712F2162C6008D358F /* PBXContainerItemProxy */ = {
			isa = PBXContainerItemProxy;
			containerPortal = 48A1FF5B2F2162C5008D358F /* Project object */;
			proxyType = 1;
			remoteGlobalIDString = 48A1FF622F2162C5008D358F;
			remoteInfo = "WeatherApp Parzr";
		};
		48A1FF7B2F2162C6008D358F /* PBXContainerItemProxy */ = {
			isa = PBXContainerItemProxy;
			containerPortal = 48A1FF5B2F2162C5008D358F /* Project object */;
			proxyType = 1;
			remoteGlobalIDString = 48A1FF622F2162C5008D358F;
			remoteInfo = "WeatherApp Parzr";
		};
/* End PBXContainerItemProxy section */

/* Begin PBXFileReference section */
		48A1FF632F2162C5008D358F /* WeatherApp Parzr.app */ = {isa = PBXFileReference; explicitFileType = wrapper.application; includeInIndex = 0; path = "WeatherApp Parzr.app"; sourceTree = BUILT_PRODUCTS_DIR; };
		48A1FF702F2162C6008D358F /* WeatherApp ParzrTests.xctest */ = {isa = PBXFileReference; explicitFileType = wrapper.cfbundle; includeInIndex = 0; path = "WeatherApp ParzrTests.xctest"; sourceTree = BUILT_PRODUCTS_DIR; };
		48A1FF7A2F2162C6008D358F /* WeatherApp ParzrUITests.xctest */ = {isa = PBXFileReference; explicitFileType = wrapper.cfbundle; includeInIndex = 0; path = "WeatherApp ParzrUITests.xctest"; sourceTree = BUILT_PRODUCTS_DIR; };
/* End PBXFileReference section */

/* Begin PBXFileSystemSynchronizedBuildFileExceptionSet section */
		48A1FF952F216481008D358F /* Exceptions for "WeatherApp Parzr" folder in "WeatherApp ParzrTests" target */ = {
			isa = PBXFileSystemSynchronizedBuildFileExceptionSet;
			membershipExceptions = (
				Models/WeatherModels.swift,
				Views/ForecastDetailView.swift,
				Views/ForecastListView.swift,
			);
			target = 48A1FF6F2F2162C6008D358F /* WeatherApp ParzrTests */;
		};
		48A1FF962F216481008D358F /* Exceptions for "WeatherApp Parzr" folder in "WeatherApp ParzrUITests" target */ = {
			isa = PBXFileSystemSynchronizedBuildFileExceptionSet;
			membershipExceptions = (
				Models/WeatherModels.swift,
				Views/ForecastDetailView.swift,
				Views/ForecastListView.swift,
			);
			target = 48A1FF792F2162C6008D358F /* WeatherApp ParzrUITests */;
		};
/* End PBXFileSystemSynchronizedBuildFileExceptionSet section */

/* Begin PBXFileSystemSynchronizedRootGroup section */
		48A1FF652F2162C5008D358F /* WeatherApp Parzr */ = {
			isa = PBXFileSystemSynchronizedRootGroup;
			exceptions = (
				48A1FF952F216481008D358F /* Exceptions for "WeatherApp Parzr" folder in "WeatherApp ParzrTests" target */,
				48A1FF962F216481008D358F /* Exceptions for "WeatherApp Parzr" folder in "WeatherApp ParzrUITests" target */,
			);
			path = "WeatherApp Parzr";
			sourceTree = "<group>";
		};
		48A1FF732F2162C6008D358F /* WeatherApp ParzrTests */ = {
			isa = PBXFileSystemSynchronizedRootGroup;
			path = "WeatherApp ParzrTests";
			sourceTree = "<group>";
		};
		48A1FF7D2F2162C6008D358F /* WeatherApp ParzrUITests */ = {
			isa = PBXFileSystemSynchronizedRootGroup;
			path = "WeatherApp ParzrUITests";
			sourceTree = "<group>";
		};
/* End PBXFileSystemSynchronizedRootGroup section */

/* Begin PBXFrameworksBuildPhase section */
		48A1FF602F2162C5008D358F /* Frameworks */ = {
			isa = PBXFrameworksBuildPhase;
			buildActionMask = 2147483647;
			files = (
			);
			runOnlyForDeploymentPostprocessing = 0;
		};
		48A1FF6D2F2162C6008D358F /* Frameworks */ = {
			isa = PBXFrameworksBuildPhase;
			buildActionMask = 2147483647;
			files = (
			);
			runOnlyForDeploymentPostprocessing = 0;
		};
		48A1FF772F2162C6008D358F /* Frameworks */ = {
			isa = PBXFrameworksBuildPhase;
			buildActionMask = 2147483647;
			files = (
			);
			runOnlyForDeploymentPostprocessing = 0;
		};
/* End PBXFrameworksBuildPhase section */

/* Begin PBXGroup section */
		48A1FF5A2F2162C5008D358F = {
			isa = PBXGroup;
			children = (
				48A1FF652F2162C5008D358F /* WeatherApp Parzr */,
				48A1FF732F2162C6008D358F /* WeatherApp ParzrTests */,
				48A1FF7D2F2162C6008D358F /* WeatherApp ParzrUITests */,
				48A1FF642F2162C5008D358F /* Products */,
			);
			sourceTree = "<group>";
		};
		48A1FF642F2162C5008D358F /* Products */ = {
			isa = PBXGroup;
			children = (
				48A1FF632F2162C5008D358F /* WeatherApp Parzr.app */,
				48A1FF702F2162C6008D358F /* WeatherApp ParzrTests.xctest */,
				48A1FF7A2F2162C6008D358F /* WeatherApp ParzrUITests.xctest */,
			);
			name = Products;
			sourceTree = "<group>";
		};
/* End PBXGroup section */

/* Begin PBXNativeTarget section */
		48A1FF622F2162C5008D358F /* WeatherApp Parzr */ = {
			isa = PBXNativeTarget;
			buildConfigurationList = 48A1FF842F2162C6008D358F /* Build configuration list for PBXNativeTarget "WeatherApp Parzr" */;
			buildPhases = (
				48A1FF5F2F2162C5008D358F /* Sources */,
				48A1FF602F2162C5008D358F /* Frameworks */,
				48A1FF612F2162C5008D358F /* Resources */,
			);
			buildRules = (
			);
			dependencies = (
			);
			fileSystemSynchronizedGroups = (
				48A1FF652F2162C5008D358F /* WeatherApp Parzr */,
			);
			name = "WeatherApp Parzr";
			packageProductDependencies = (
			);
			productName = "WeatherApp Parzr";
			productReference = 48A1FF632F2162C5008D358F /* WeatherApp Parzr.app */;
			productType = "com.apple.product-type.application";
		};
		48A1FF6F2F2162C6008D358F /* WeatherApp ParzrTests */ = {
			isa = PBXNativeTarget;
			buildConfigurationList = 48A1FF872F2162C6008D358F /* Build configuration list for PBXNativeTarget "WeatherApp ParzrTests" */;
			buildPhases = (
				48A1FF6C2F2162C6008D358F /* Sources */,
				48A1FF6D2F2162C6008D358F /* Frameworks */,
				48A1FF6E2F2162C6008D358F /* Resources */,
			);
			buildRules = (
			);
			dependencies = (
				48A1FF722F2162C6008D358F /* PBXTargetDependency */,
			);
			fileSystemSynchronizedGroups = (
				48A1FF732F2162C6008D358F /* WeatherApp ParzrTests */,
			);
			name = "WeatherApp ParzrTests";
			packageProductDependencies = (
			);
			productName = "WeatherApp ParzrTests";
			productReference = 48A1FF702F2162C6008D358F /* WeatherApp ParzrTests.xctest */;
			productType = "com.apple.product-type.bundle.unit-test";
		};
		48A1FF792F2162C6008D358F /* WeatherApp ParzrUITests */ = {
			isa = PBXNativeTarget;
			buildConfigurationList = 48A1FF8A2F2162C6008D358F /* Build configuration list for PBXNativeTarget "WeatherApp ParzrUITests" */;
			buildPhases = (
				48A1FF762F2162C6008D358F /* Sources */,
				48A1FF772F2162C6008D358F /* Frameworks */,
				48A1FF782F2162C6008D358F /* Resources */,
			);
			buildRules = (
			);
			dependencies = (
				48A1FF7C2F2162C6008D358F /* PBXTargetDependency */,
			);
			fileSystemSynchronizedGroups = (
				48A1FF7D2F2162C6008D358F /* WeatherApp ParzrUITests */,
			);
			name = "WeatherApp ParzrUITests";
			packageProductDependencies = (
			);
			productName = "WeatherApp ParzrUITests";
			productReference = 48A1FF7A2F2162C6008D358F /* WeatherApp ParzrUITests.xctest */;
			productType = "com.apple.product-type.bundle.ui-testing";
		};
/* End PBXNativeTarget section */

/* Begin PBXProject section */
		48A1FF5B2F2162C5008D358F /* Project object */ = {
			isa = PBXProject;
			attributes = {
				BuildIndependentTargetsInParallel = 1;
				LastSwiftUpdateCheck = 1630;
				LastUpgradeCheck = 1630;
				TargetAttributes = {
					48A1FF622F2162C5008D358F = {
						CreatedOnToolsVersion = 16.3;
					};
					48A1FF6F2F2162C6008D358F = {
						CreatedOnToolsVersion = 16.3;
						TestTargetID = 48A1FF622F2162C5008D358F;
					};
					48A1FF792F2162C6008D358F = {
						CreatedOnToolsVersion = 16.3;
						TestTargetID = 48A1FF622F2162C5008D358F;
					};
				};
			};
			buildConfigurationList = 48A1FF5E2F2162C5008D358F /* Build configuration list for PBXProject "WeatherApp Parzr" */;
			developmentRegion = en;
			hasScannedForEncodings = 0;
			knownRegions = (
				en,
				Base,
			);
			mainGroup = 48A1FF5A2F2162C5008D358F;
			minimizedProjectReferenceProxies = 1;
			preferredProjectObjectVersion = 77;
			productRefGroup = 48A1FF642F2162C5008D358F /* Products */;
			projectDirPath = "";
			projectRoot = "";
			targets = (
				48A1FF622F2162C5008D358F /* WeatherApp Parzr */,
				48A1FF6F2F2162C6008D358F /* WeatherApp ParzrTests */,
				48A1FF792F2162C6008D358F /* WeatherApp ParzrUITests */,
			);
		};
/* End PBXProject section */

/* Begin PBXResourcesBuildPhase section */
		48A1FF612F2162C5008D358F /* Resources */ = {
			isa = PBXResourcesBuildPhase;
			buildActionMask = 2147483647;
			files = (
			);
			runOnlyForDeploymentPostprocessing = 0;
		};
		48A1FF6E2F2162C6008D358F /* Resources */ = {
			isa = PBXResourcesBuildPhase;
			buildActionMask = 2147483647;
			files = (
			);
			runOnlyForDeploymentPostprocessing = 0;
		};
		48A1FF782F2162C6008D358F /* Resources */ = {
			isa = PBXResourcesBuildPhase;
			buildActionMask = 2147483647;
			files = (
			);
			runOnlyForDeploymentPostprocessing = 0;
		};
/* End PBXResourcesBuildPhase section */

/* Begin PBXSourcesBuildPhase section */
		48A1FF5F2F2162C5008D358F /* Sources */ = {
			isa = PBXSourcesBuildPhase;
			buildActionMask = 2147483647;
			files = (
			);
			runOnlyForDeploymentPostprocessing = 0;
		};
		48A1FF6C2F2162C6008D358F /* Sources */ = {
			isa = PBXSourcesBuildPhase;
			buildActionMask = 2147483647;
			files = (
			);
			runOnlyForDeploymentPostprocessing = 0;
		};
		48A1FF762F2162C6008D358F /* Sources */ = {
			isa = PBXSourcesBuildPhase;
			buildActionMask = 2147483647;
			files = (
			);
			runOnlyForDeploymentPostprocessing = 0;
		};
/* End PBXSourcesBuildPhase section */

/* Begin PBXTargetDependency section */
		48A1FF722F2162C6008D358F /* PBXTargetDependency */ = {
			isa = PBXTargetDependency;
			target = 48A1FF622F2162C5008D358F /* WeatherApp Parzr */;
			targetProxy = 48A1FF712F2162C6008D358F /* PBXContainerItemProxy */;
		};
		48A1FF7C2F2162C6008D358F /* PBXTargetDependency */ = {
			isa = PBXTargetDependency;
			target = 48A1FF622F2162C5008D358F /* WeatherApp Parzr */;
			targetProxy = 48A1FF7B2F2162C6008D358F /* PBXContainerItemProxy */;
		};
/* End PBXTargetDependency section */

/* Begin XCBuildConfiguration section */
		48A1FF822F2162C6008D358F /* Debug */ = {
			isa = XCBuildConfiguration;
			buildSettings = {
				ALWAYS_SEARCH_USER_PATHS = NO;
				ASSETCATALOG_COMPILER_GENERATE_SWIFT_ASSET_SYMBOL_EXTENSIONS = YES;
				CLANG_ANALYZER_NONNULL = YES;
				CLANG_ANALYZER_NUMBER_OBJECT_CONVERSION = YES_AGGRESSIVE;
				CLANG_CXX_LANGUAGE_STANDARD = "gnu++20";
				CLANG_ENABLE_MODULES = YES;
				CLANG_ENABLE_OBJC_ARC = YES;
				CLANG_ENABLE_OBJC_WEAK = YES;
				CLANG_WARN_BLOCK_CAPTURE_AUTORELEASING = YES;
				CLANG_WARN_BOOL_CONVERSION = YES;
				CLANG_WARN_COMMA = YES;
				CLANG_WARN_CONSTANT_CONVERSION = YES;
				CLANG_WARN_DEPRECATED_OBJC_IMPLEMENTATIONS = YES;
				CLANG_WARN_DIRECT_OBJC_ISA_USAGE = YES_ERROR;
				CLANG_WARN_DOCUMENTATION_COMMENTS = YES;
				CLANG_WARN_EMPTY_BODY = YES;
				CLANG_WARN_ENUM_CONVERSION = YES;
				CLANG_WARN_INFINITE_RECURSION = YES;
				CLANG_WARN_INT_CONVERSION = YES;
				CLANG_WARN_NON_LITERAL_NULL_CONVERSION = YES;
				CLANG_WARN_OBJC_IMPLICIT_RETAIN_SELF = YES;
				CLANG_WARN_OBJC_LITERAL_CONVERSION = YES;
				CLANG_WARN_OBJC_ROOT_CLASS = YES_ERROR;
				CLANG_WARN_QUOTED_INCLUDE_IN_FRAMEWORK_HEADER = YES;
				CLANG_WARN_RANGE_LOOP_ANALYSIS = YES;
				CLANG_WARN_STRICT_PROTOTYPES = YES;
				CLANG_WARN_SUSPICIOUS_MOVE = YES;
				CLANG_WARN_UNGUARDED_AVAILABILITY = YES_AGGRESSIVE;
				CLANG_WARN_UNREACHABLE_CODE = YES;
				CLANG_WARN__DUPLICATE_METHOD_MATCH = YES;
				COPY_PHASE_STRIP = NO;
				DEBUG_INFORMATION_FORMAT = dwarf;
				ENABLE_STRICT_OBJC_MSGSEND = YES;
				ENABLE_TESTABILITY = YES;
				ENABLE_USER_SCRIPT_SANDBOXING = YES;
				GCC_C_LANGUAGE_STANDARD = gnu17;
				GCC_DYNAMIC_NO_PIC = NO;
				GCC_NO_COMMON_BLOCKS = YES;
				GCC_OPTIMIZATION_LEVEL = 0;
				GCC_PREPROCESSOR_DEFINITIONS = (
					"DEBUG=1",
					"$(inherited)",
				);
				GCC_WARN_64_TO_32_BIT_CONVERSION = YES;
				GCC_WARN_ABOUT_RETURN_TYPE = YES_ERROR;
				GCC_WARN_UNDECLARED_SELECTOR = YES;
				GCC_WARN_UNINITIALIZED_AUTOS = YES_AGGRESSIVE;
				GCC_WARN_UNUSED_FUNCTION = YES;
				GCC_WARN_UNUSED_VARIABLE = YES;
				IPHONEOS_DEPLOYMENT_TARGET = 18.4;
				LOCALIZATION_PREFERS_STRING_CATALOGS = YES;
				MTL_ENABLE_DEBUG_INFO = INCLUDE_SOURCE;
				MTL_FAST_MATH = YES;
				ONLY_ACTIVE_ARCH = YES;
				SDKROOT = iphoneos;
				SWIFT_ACTIVE_COMPILATION_CONDITIONS = "DEBUG $(inherited)";
				SWIFT_OPTIMIZATION_LEVEL = "-Onone";
			};
			name = Debug;
		};
		48A1FF832F2162C6008D358F /* Release */ = {
			isa = XCBuildConfiguration;
			buildSettings = {
				ALWAYS_SEARCH_USER_PATHS = NO;
				ASSETCATALOG_COMPILER_GENERATE_SWIFT_ASSET_SYMBOL_EXTENSIONS = YES;
				CLANG_ANALYZER_NONNULL = YES;
				CLANG_ANALYZER_NUMBER_OBJECT_CONVERSION = YES_AGGRESSIVE;
				CLANG_CXX_LANGUAGE_STANDARD = "gnu++20";
				CLANG_ENABLE_MODULES = YES;
				CLANG_ENABLE_OBJC_ARC = YES;
				CLANG_ENABLE_OBJC_WEAK = YES;
				CLANG_WARN_BLOCK_CAPTURE_AUTORELEASING = YES;
				CLANG_WARN_BOOL_CONVERSION = YES;
				CLANG_WARN_COMMA = YES;
				CLANG_WARN_CONSTANT_CONVERSION = YES;
				CLANG_WARN_DEPRECATED_OBJC_IMPLEMENTATIONS = YES;
				CLANG_WARN_DIRECT_OBJC_ISA_USAGE = YES_ERROR;
				CLANG_WARN_DOCUMENTATION_COMMENTS = YES;
				CLANG_WARN_EMPTY_BODY = YES;
				CLANG_WARN_ENUM_CONVERSION = YES;
				CLANG_WARN_INFINITE_RECURSION = YES;
				CLANG_WARN_INT_CONVERSION = YES;
				CLANG_WARN_NON_LITERAL_NULL_CONVERSION = YES;
				CLANG_WARN_OBJC_IMPLICIT_RETAIN_SELF = YES;
				CLANG_WARN_OBJC_LITERAL_CONVERSION = YES;
				CLANG_WARN_OBJC_ROOT_CLASS = YES_ERROR;
				CLANG_WARN_QUOTED_INCLUDE_IN_FRAMEWORK_HEADER = YES;
				CLANG_WARN_RANGE_LOOP_ANALYSIS = YES;
				CLANG_WARN_STRICT_PROTOTYPES = YES;
				CLANG_WARN_SUSPICIOUS_MOVE = YES;
				CLANG_WARN_UNGUARDED_AVAILABILITY = YES_AGGRESSIVE;
				CLANG_WARN_UNREACHABLE_CODE = YES;
				CLANG_WARN__DUPLICATE_METHOD_MATCH = YES;
				COPY_PHASE_STRIP = NO;
				DEBUG_INFORMATION_FORMAT = "dwarf-with-dsym";
				ENABLE_NS_ASSERTIONS = NO;
				ENABLE_STRICT_OBJC_MSGSEND = YES;
				ENABLE_USER_SCRIPT_SANDBOXING = YES;
				GCC_C_LANGUAGE_STANDARD = gnu17;
				GCC_NO_COMMON_BLOCKS = YES;
				GCC_WARN_64_TO_32_BIT_CONVERSION = YES;
				GCC_WARN_ABOUT_RETURN_TYPE = YES_ERROR;
				GCC_WARN_UNDECLARED_SELECTOR = YES;
				GCC_WARN_UNINITIALIZED_AUTOS = YES_AGGRESSIVE;
				GCC_WARN_UNUSED_FUNCTION = YES;
				GCC_WARN_UNUSED_VARIABLE = YES;
				IPHONEOS_DEPLOYMENT_TARGET = 18.4;
				LOCALIZATION_PREFERS_STRING_CATALOGS = YES;
				MTL_ENABLE_DEBUG_INFO = NO;
				MTL_FAST_MATH = YES;
				SDKROOT = iphoneos;
				SWIFT_COMPILATION_MODE = wholemodule;
				VALIDATE_PRODUCT = YES;
			};
			name = Release;
		};
		48A1FF852F2162C6008D358F /* Debug */ = {
			isa = XCBuildConfiguration;
			buildSettings = {
				ASSETCATALOG_COMPILER_APPICON_NAME = AppIcon;
				ASSETCATALOG_COMPILER_GLOBAL_ACCENT_COLOR_NAME = AccentColor;
				CODE_SIGN_STYLE = Automatic;
				CURRENT_PROJECT_VERSION = 1;
				ENABLE_PREVIEWS = YES;
				GENERATE_INFOPLIST_FILE = YES;
				INFOPLIST_KEY_UIApplicationSceneManifest_Generation = YES;
				INFOPLIST_KEY_UIApplicationSupportsIndirectInputEvents = YES;
				INFOPLIST_KEY_UILaunchScreen_Generation = YES;
				INFOPLIST_KEY_UISupportedInterfaceOrientations_iPad = "UIInterfaceOrientationPortrait UIInterfaceOrientationPortraitUpsideDown UIInterfaceOrientationLandscapeLeft UIInterfaceOrientationLandscapeRight";
				INFOPLIST_KEY_UISupportedInterfaceOrientations_iPhone = "UIInterfaceOrientationPortrait UIInterfaceOrientationLandscapeLeft UIInterfaceOrientationLandscapeRight";
				LD_RUNPATH_SEARCH_PATHS = (
					"$(inherited)",
					"@executable_path/Frameworks",
				);
				MARKETING_VERSION = 1.0;
				PRODUCT_BUNDLE_IDENTIFIER = "parzrWheaterBE.WeatherApp-Parzr";
				PRODUCT_NAME = "$(TARGET_NAME)";
				SWIFT_EMIT_LOC_STRINGS = YES;
				SWIFT_VERSION = 5.0;
				TARGETED_DEVICE_FAMILY = "1,2";
			};
			name = Debug;
		};
		48A1FF862F2162C6008D358F /* Release */ = {
			isa = XCBuildConfiguration;
			buildSettings = {
				ASSETCATALOG_COMPILER_APPICON_NAME = AppIcon;
				ASSETCATALOG_COMPILER_GLOBAL_ACCENT_COLOR_NAME = AccentColor;
				CODE_SIGN_STYLE = Automatic;
				CURRENT_PROJECT_VERSION = 1;
				ENABLE_PREVIEWS = YES;
				GENERATE_INFOPLIST_FILE = YES;
				INFOPLIST_KEY_UIApplicationSceneManifest_Generation = YES;
				INFOPLIST_KEY_UIApplicationSupportsIndirectInputEvents = YES;
				INFOPLIST_KEY_UILaunchScreen_Generation = YES;
				INFOPLIST_KEY_UISupportedInterfaceOrientations_iPad = "UIInterfaceOrientationPortrait UIInterfaceOrientationPortraitUpsideDown UIInterfaceOrientationLandscapeLeft UIInterfaceOrientationLandscapeRight";
				INFOPLIST_KEY_UISupportedInterfaceOrientations_iPhone = "UIInterfaceOrientationPortrait UIInterfaceOrientationLandscapeLeft UIInterfaceOrientationLandscapeRight";
				LD_RUNPATH_SEARCH_PATHS = (
					"$(inherited)",
					"@executable_path/Frameworks",
				);
				MARKETING_VERSION = 1.0;
				PRODUCT_BUNDLE_IDENTIFIER = "parzrWheaterBE.WeatherApp-Parzr";
				PRODUCT_NAME = "$(TARGET_NAME)";
				SWIFT_EMIT_LOC_STRINGS = YES;
				SWIFT_VERSION = 5.0;
				TARGETED_DEVICE_FAMILY = "1,2";
			};
			name = Release;
		};
		48A1FF882F2162C6008D358F /* Debug */ = {
			isa = XCBuildConfiguration;
			buildSettings = {
				BUNDLE_LOADER = "$(TEST_HOST)";
				CODE_SIGN_STYLE = Automatic;
				CURRENT_PROJECT_VERSION = 1;
				GENERATE_INFOPLIST_FILE = YES;
				IPHONEOS_DEPLOYMENT_TARGET = 18.4;
				MARKETING_VERSION = 1.0;
				PRODUCT_BUNDLE_IDENTIFIER = "parzrWheaterBE.WeatherApp-ParzrTests";
				PRODUCT_NAME = "$(TARGET_NAME)";
				SWIFT_EMIT_LOC_STRINGS = NO;
				SWIFT_VERSION = 5.0;
				TARGETED_DEVICE_FAMILY = "1,2";
				TEST_HOST = "$(BUILT_PRODUCTS_DIR)/WeatherApp Parzr.app/$(BUNDLE_EXECUTABLE_FOLDER_PATH)/WeatherApp Parzr";
			};
			name = Debug;
		};
		48A1FF892F2162C6008D358F /* Release */ = {
			isa = XCBuildConfiguration;
			buildSettings = {
				BUNDLE_LOADER = "$(TEST_HOST)";
				CODE_SIGN_STYLE = Automatic;
				CURRENT_PROJECT_VERSION = 1;
				GENERATE_INFOPLIST_FILE = YES;
				IPHONEOS_DEPLOYMENT_TARGET = 18.4;
				MARKETING_VERSION = 1.0;
				PRODUCT_BUNDLE_IDENTIFIER = "parzrWheaterBE.WeatherApp-ParzrTests";
				PRODUCT_NAME = "$(TARGET_NAME)";
				SWIFT_EMIT_LOC_STRINGS = NO;
				SWIFT_VERSION = 5.0;
				TARGETED_DEVICE_FAMILY = "1,2";
				TEST_HOST = "$(BUILT_PRODUCTS_DIR)/WeatherApp Parzr.app/$(BUNDLE_EXECUTABLE_FOLDER_PATH)/WeatherApp Parzr";
			};
			name = Release;
		};
		48A1FF8B2F2162C6008D358F /* Debug */ = {
			isa = XCBuildConfiguration;
			buildSettings = {
				CODE_SIGN_STYLE = Automatic;
				CURRENT_PROJECT_VERSION = 1;
				GENERATE_INFOPLIST_FILE = YES;
				MARKETING_VERSION = 1.0;
				PRODUCT_BUNDLE_IDENTIFIER = "parzrWheaterBE.WeatherApp-ParzrUITests";
				PRODUCT_NAME = "$(TARGET_NAME)";
				SWIFT_EMIT_LOC_STRINGS = NO;
				SWIFT_VERSION = 5.0;
				TARGETED_DEVICE_FAMILY = "1,2";
				TEST_TARGET_NAME = "WeatherApp Parzr";
			};
			name = Debug;
		};
		48A1FF8C2F2162C6008D358F /* Release */ = {
			isa = XCBuildConfiguration;
			buildSettings = {
				CODE_SIGN_STYLE = Automatic;
				CURRENT_PROJECT_VERSION = 1;
				GENERATE_INFOPLIST_FILE = YES;
				MARKETING_VERSION = 1.0;
				PRODUCT_BUNDLE_IDENTIFIER = "parzrWheaterBE.WeatherApp-ParzrUITests";
				PRODUCT_NAME = "$(TARGET_NAME)";
				SWIFT_EMIT_LOC_STRINGS = NO;
				SWIFT_VERSION = 5.0;
				TARGETED_DEVICE_FAMILY = "1,2";
				TEST_TARGET_NAME = "WeatherApp Parzr";
			};
			name = Release;
		};
/* End XCBuildConfiguration section */

/* Begin XCConfigurationList section */
		48A1FF5E2F2162C5008D358F /* Build configuration list for PBXProject "WeatherApp Parzr" */ = {
			isa = XCConfigurationList;
			buildConfigurations = (
				48A1FF822F2162C6008D358F /* Debug */,
				48A1FF832F2162C6008D358F /* Release */,
			);
			defaultConfigurationIsVisible = 0;
			defaultConfigurationName = Release;
		};
		48A1FF842F2162C6008D358F /* Build configuration list for PBXNativeTarget "WeatherApp Parzr" */ = {
			isa = XCConfigurationList;
			buildConfigurations = (
				48A1FF852F2162C6008D358F /* Debug */,
				48A1FF862F2162C6008D358F /* Release */,
			);
			defaultConfigurationIsVisible = 0;
			defaultConfigurationName = Release;
		};
		48A1FF872F2162C6008D358F /* Build configuration list for PBXNativeTarget "WeatherApp ParzrTests" */ = {
			isa = XCConfigurationList;
			buildConfigurations = (
				48A1FF882F2162C6008D358F /* Debug */,
				48A1FF892F2162C6008D358F /* Release */,
			);
			defaultConfigurationIsVisible = 0;
			defaultConfigurationName = Release;
		};
		48A1FF8A2F2162C6008D358F /* Build configuration list for PBXNativeTarget "WeatherApp ParzrUITests" */ = {
			isa = XCConfigurationList;
			buildConfigurations = (
				48A1FF8B2F2162C6008D358F /* Debug */,
				48A1FF8C2F2162C6008D358F /* Release */,
			);
			defaultConfigurationIsVisible = 0;
			defaultConfigurationName = Release;
		};
/* End XCConfigurationList section */
	};
	rootObject = 48A1FF5B2F2162C5008D358F /* Project object */;
}
